
Microsoft Visual Studio Solution File, Format Version 12.00
# Visual Studio Version 16
VisualStudioVersion = 16.0.30011.22
MinimumVisualStudioVersion = 10.0.40219.1
Project("{FAE04EC0-301F-11D3-BF4B-00C04F79EFBC}") = "TestApp.Android", "TestApp\TestApp.Android\TestApp.Android.csproj", "{2D1F1A50-1840-4B7A-8A6E-04D70DA0F21E}"
EndProject
Project("{FAE04EC0-301F-11D3-BF4B-00C04F79EFBC}") = "TestApp.iOS", "TestApp\TestApp.iOS\TestApp.iOS.csproj", "{47580414-811F-41EA-B41F-568907F2C22C}"
EndProject
Project("{FAE04EC0-301F-11D3-BF4B-00C04F79EFBC}") = "TestApp", "TestApp\TestApp\TestApp.csproj", "{92803ED8-B036-48B2-8D9A-EA7DFD84539E}"
EndProject
Project("{2150E333-8FDC-42A3-9474-1A3956D46DE8}") = "VoiceRecognition", "VoiceRecognition", "{E00E47D5-9B79-43D8-8835-CA490946FDED}"
EndProject
Project("{9A19103F-16F7-4668-BE54-9A1E7A4F7556}") = "VoiceBasedApp", "C:\Users\z0043fvy\source\repos\VoiceBasedApp\VoiceBasedApp\VoiceBasedApp\VoiceBasedApp.csproj", "{FF41A5E9-F4E1-4C0F-8737-F38D04B4FF7C}"
EndProject
Project("{FAE04EC0-301F-11D3-BF4B-00C04F79EFBC}") = "VoiceBasedApp.Android", "C:\Users\z0043fvy\source\repos\VoiceBasedApp\VoiceBasedApp\VoiceBasedApp.Android\VoiceBasedApp.Android.csproj", "{85B7D97F-EF82-4783-866F-EC844EEA1D47}"
EndProject
Project("{FAE04EC0-301F-11D3-BF4B-00C04F79EFBC}") = "VoiceBasedApp.iOS", "C:\Users\z0043fvy\source\repos\VoiceBasedApp\VoiceBasedApp\VoiceBasedApp.iOS\VoiceBasedApp.iOS.csproj", "{D0241A12-1D38-4DE4-AAAA-F43844C73EA4}"
EndProject
Global
	GlobalSection(SolutionConfigurationPlatforms) = preSolution
		Debug|Any CPU = Debug|Any CPU
		Debug|iPhone = Debug|iPhone
		Debug|iPhoneSimulator = Debug|iPhoneSimulator
		Release|Any CPU = Release|Any CPU
		Release|iPhone = Release|iPhone
		Release|iPhoneSimulator = Release|iPhoneSimulator
	EndGlobalSection
	GlobalSection(ProjectConfigurationPlatforms) = postSolution
		{2D1F1A50-1840-4B7A-8A6E-04D70DA0F21E}.Debug|Any CPU.ActiveCfg = Debug|Any CPU
		{2D1F1A50-1840-4B7A-8A6E-04D70DA0F21E}.Debug|Any CPU.Build.0 = Debug|Any CPU
		{2D1F1A50-1840-4B7A-8A6E-04D70DA0F21E}.Debug|Any CPU.Deploy.0 = Debug|Any CPU
		{2D1F1A50-1840-4B7A-8A6E-04D70DA0F21E}.Debug|iPhone.ActiveCfg = Debug|Any CPU
		{2D1F1A50-1840-4B7A-8A6E-04D70DA0F21E}.Debug|iPhone.Build.0 = Debug|Any CPU
		{2D1F1A50-1840-4B7A-8A6E-04D70DA0F21E}.Debug|iPhone.Deploy.0 = Debug|Any CPU
		{2D1F1A50-1840-4B7A-8A6E-04D70DA0F21E}.Debug|iPhoneSimulator.ActiveCfg = Debug|Any CPU
		{2D1F1A50-1840-4B7A-8A6E-04D70DA0F21E}.Debug|iPhoneSimulator.Build.0 = Debug|Any CPU
		{2D1F1A50-1840-4B7A-8A6E-04D70DA0F21E}.Debug|iPhoneSimulator.Deploy.0 = Debug|Any CPU
		{2D1F1A50-1840-4B7A-8A6E-04D70DA0F21E}.Release|Any CPU.ActiveCfg = Release|Any CPU
		{2D1F1A50-1840-4B7A-8A6E-04D70DA0F21E}.Release|Any CPU.Build.0 = Release|Any CPU
		{2D1F1A50-1840-4B7A-8A6E-04D70DA0F21E}.Release|Any CPU.Deploy.0 = Release|Any CPU
		{2D1F1A50-1840-4B7A-8A6E-04D70DA0F21E}.Release|iPhone.ActiveCfg = Release|Any CPU
		{2D1F1A50-1840-4B7A-8A6E-04D70DA0F21E}.Release|iPhone.Build.0 = Release|Any CPU
		{2D1F1A50-1840-4B7A-8A6E-04D70DA0F21E}.Release|iPhone.Deploy.0 = Release|Any CPU
		{2D1F1A50-1840-4B7A-8A6E-04D70DA0F21E}.Release|iPhoneSimulator.ActiveCfg = Release|Any CPU
		{2D1F1A50-1840-4B7A-8A6E-04D70DA0F21E}.Release|iPhoneSimulator.Build.0 = Release|Any CPU
		{2D1F1A50-1840-4B7A-8A6E-04D70DA0F21E}.Release|iPhoneSimulator.Deploy.0 = Release|Any CPU
		{47580414-811F-41EA-B41F-568907F2C22C}.Debug|Any CPU.ActiveCfg = Debug|iPhone
		{47580414-811F-41EA-B41F-568907F2C22C}.Debug|Any CPU.Build.0 = Debug|iPhone
		{47580414-811F-41EA-B41F-568907F2C22C}.Debug|Any CPU.Deploy.0 = Debug|iPhone
		{47580414-811F-41EA-B41F-568907F2C22C}.Debug|iPhone.ActiveCfg = Debug|iPhone
		{47580414-811F-41EA-B41F-568907F2C22C}.Debug|iPhone.Build.0 = Debug|iPhone
		{47580414-811F-41EA-B41F-568907F2C22C}.Debug|iPhone.Deploy.0 = Debug|iPhone
		{47580414-811F-41EA-B41F-568907F2C22C}.Debug|iPhoneSimulator.ActiveCfg = Debug|iPhoneSimulator
		{47580414-811F-41EA-B41F-568907F2C22C}.Debug|iPhoneSimulator.Build.0 = Debug|iPhoneSimulator
		{47580414-811F-41EA-B41F-568907F2C22C}.Debug|iPhoneSimulator.Deploy.0 = Debug|iPhoneSimulator
		{47580414-811F-41EA-B41F-568907F2C22C}.Release|Any CPU.ActiveCfg = Release|iPhone
		{47580414-811F-41EA-B41F-568907F2C22C}.Release|Any CPU.Build.0 = Release|iPhone
		{47580414-811F-41EA-B41F-568907F2C22C}.Release|Any CPU.Deploy.0 = Release|iPhone
		{47580414-811F-41EA-B41F-568907F2C22C}.Release|iPhone.ActiveCfg = Release|iPhone
		{47580414-811F-41EA-B41F-568907F2C22C}.Release|iPhone.Build.0 = Release|iPhone
		{47580414-811F-41EA-B41F-568907F2C22C}.Release|iPhone.Deploy.0 = Release|iPhone
		{47580414-811F-41EA-B41F-568907F2C22C}.Release|iPhoneSimulator.ActiveCfg = Release|iPhoneSimulator
		{47580414-811F-41EA-B41F-568907F2C22C}.Release|iPhoneSimulator.Build.0 = Release|iPhoneSimulator
		{47580414-811F-41EA-B41F-568907F2C22C}.Release|iPhoneSimulator.Deploy.0 = Release|iPhoneSimulator
		{92803ED8-B036-48B2-8D9A-EA7DFD84539E}.Debug|Any CPU.ActiveCfg = Debug|Any CPU
		{92803ED8-B036-48B2-8D9A-EA7DFD84539E}.Debug|Any CPU.Build.0 = Debug|Any CPU
		{92803ED8-B036-48B2-8D9A-EA7DFD84539E}.Debug|Any CPU.Deploy.0 = Debug|Any CPU
		{92803ED8-B036-48B2-8D9A-EA7DFD84539E}.Debug|iPhone.ActiveCfg = Debug|Any CPU
		{92803ED8-B036-48B2-8D9A-EA7DFD84539E}.Debug|iPhone.Build.0 = Debug|Any CPU
		{92803ED8-B036-48B2-8D9A-EA7DFD84539E}.Debug|iPhone.Deploy.0 = Debug|Any CPU
		{92803ED8-B036-48B2-8D9A-EA7DFD84539E}.Debug|iPhoneSimulator.ActiveCfg = Debug|Any CPU
		{92803ED8-B036-48B2-8D9A-EA7DFD84539E}.Debug|iPhoneSimulator.Build.0 = Debug|Any CPU
		{92803ED8-B036-48B2-8D9A-EA7DFD84539E}.Debug|iPhoneSimulator.Deploy.0 = Debug|Any CPU
		{92803ED8-B036-48B2-8D9A-EA7DFD84539E}.Release|Any CPU.ActiveCfg = Release|Any CPU
		{92803ED8-B036-48B2-8D9A-EA7DFD84539E}.Release|Any CPU.Build.0 = Release|Any CPU
		{92803ED8-B036-48B2-8D9A-EA7DFD84539E}.Release|Any CPU.Deploy.0 = Release|Any CPU
		{92803ED8-B036-48B2-8D9A-EA7DFD84539E}.Release|iPhone.ActiveCfg = Release|Any CPU
		{92803ED8-B036-48B2-8D9A-EA7DFD84539E}.Release|iPhone.Build.0 = Release|Any CPU
		{92803ED8-B036-48B2-8D9A-EA7DFD84539E}.Release|iPhone.Deploy.0 = Release|Any CPU
		{92803ED8-B036-48B2-8D9A-EA7DFD84539E}.Release|iPhoneSimulator.ActiveCfg = Release|Any CPU
		{92803ED8-B036-48B2-8D9A-EA7DFD84539E}.Release|iPhoneSimulator.Build.0 = Release|Any CPU
		{92803ED8-B036-48B2-8D9A-EA7DFD84539E}.Release|iPhoneSimulator.Deploy.0 = Release|Any CPU
		{FF41A5E9-F4E1-4C0F-8737-F38D04B4FF7C}.Debug|Any CPU.ActiveCfg = Debug|Any CPU
		{FF41A5E9-F4E1-4C0F-8737-F38D04B4FF7C}.Debug|Any CPU.Build.0 = Debug|Any CPU
		{FF41A5E9-F4E1-4C0F-8737-F38D04B4FF7C}.Debug|iPhone.ActiveCfg = Debug|Any CPU
		{FF41A5E9-F4E1-4C0F-8737-F38D04B4FF7C}.Debug|iPhone.Build.0 = Debug|Any CPU
		{FF41A5E9-F4E1-4C0F-8737-F38D04B4FF7C}.Debug|iPhoneSimulator.ActiveCfg = Debug|Any CPU
		{FF41A5E9-F4E1-4C0F-8737-F38D04B4FF7C}.Debug|iPhoneSimulator.Build.0 = Debug|Any CPU
		{FF41A5E9-F4E1-4C0F-8737-F38D04B4FF7C}.Release|Any CPU.ActiveCfg = Release|Any CPU
		{FF41A5E9-F4E1-4C0F-8737-F38D04B4FF7C}.Release|Any CPU.Build.0 = Release|Any CPU
		{FF41A5E9-F4E1-4C0F-8737-F38D04B4FF7C}.Release|iPhone.ActiveCfg = Release|Any CPU
		{FF41A5E9-F4E1-4C0F-8737-F38D04B4FF7C}.Release|iPhone.Build.0 = Release|Any CPU
		{FF41A5E9-F4E1-4C0F-8737-F38D04B4FF7C}.Release|iPhoneSimulator.ActiveCfg = Release|Any CPU
		{FF41A5E9-F4E1-4C0F-8737-F38D04B4FF7C}.Release|iPhoneSimulator.Build.0 = Release|Any CPU
		{85B7D97F-EF82-4783-866F-EC844EEA1D47}.Debug|Any CPU.ActiveCfg = Debug|Any CPU
		{85B7D97F-EF82-4783-866F-EC844EEA1D47}.Debug|Any CPU.Build.0 = Debug|Any CPU
		{85B7D97F-EF82-4783-866F-EC844EEA1D47}.Debug|Any CPU.Deploy.0 = Debug|Any CPU
		{85B7D97F-EF82-4783-866F-EC844EEA1D47}.Debug|iPhone.ActiveCfg = Debug|Any CPU
		{85B7D97F-EF82-4783-866F-EC844EEA1D47}.Debug|iPhone.Build.0 = Debug|Any CPU
		{85B7D97F-EF82-4783-866F-EC844EEA1D47}.Debug|iPhone.Deploy.0 = Debug|Any CPU
		{85B7D97F-EF82-4783-866F-EC844EEA1D47}.Debug|iPhoneSimulator.ActiveCfg = Debug|Any CPU
		{85B7D97F-EF82-4783-866F-EC844EEA1D47}.Debug|iPhoneSimulator.Build.0 = Debug|Any CPU
		{85B7D97F-EF82-4783-866F-EC844EEA1D47}.Debug|iPhoneSimulator.Deploy.0 = Debug|Any CPU
		{85B7D97F-EF82-4783-866F-EC844EEA1D47}.Release|Any CPU.ActiveCfg = Release|Any CPU
		{85B7D97F-EF82-4783-866F-EC844EEA1D47}.Release|Any CPU.Build.0 = Release|Any CPU
		{85B7D97F-EF82-4783-866F-EC844EEA1D47}.Release|Any CPU.Deploy.0 = Release|Any CPU
		{85B7D97F-EF82-4783-866F-EC844EEA1D47}.Release|iPhone.ActiveCfg = Release|Any CPU
		{85B7D97F-EF82-4783-866F-EC844EEA1D47}.Release|iPhone.Build.0 = Release|Any CPU
		{85B7D97F-EF82-4783-866F-EC844EEA1D47}.Release|iPhone.Deploy.0 = Release|Any CPU
		{85B7D97F-EF82-4783-866F-EC844EEA1D47}.Release|iPhoneSimulator.ActiveCfg = Release|Any CPU
		{85B7D97F-EF82-4783-866F-EC844EEA1D47}.Release|iPhoneSimulator.Build.0 = Release|Any CPU
		{85B7D97F-EF82-4783-866F-EC844EEA1D47}.Release|iPhoneSimulator.Deploy.0 = Release|Any CPU
		{D0241A12-1D38-4DE4-AAAA-F43844C73EA4}.Debug|Any CPU.ActiveCfg = Debug|iPhone
		{D0241A12-1D38-4DE4-AAAA-F43844C73EA4}.Debug|iPhone.ActiveCfg = Debug|iPhone
		{D0241A12-1D38-4DE4-AAAA-F43844C73EA4}.Debug|iPhone.Build.0 = Debug|iPhone
		{D0241A12-1D38-4DE4-AAAA-F43844C73EA4}.Debug|iPhoneSimulator.ActiveCfg = Debug|iPhoneSimulator
		{D0241A12-1D38-4DE4-AAAA-F43844C73EA4}.Debug|iPhoneSimulator.Build.0 = Debug|iPhoneSimulator
		{D0241A12-1D38-4DE4-AAAA-F43844C73EA4}.Release|Any CPU.ActiveCfg = Release|iPhone
		{D0241A12-1D38-4DE4-AAAA-F43844C73EA4}.Release|iPhone.ActiveCfg = Release|iPhone
		{D0241A12-1D38-4DE4-AAAA-F43844C73EA4}.Release|iPhone.Build.0 = Release|iPhone
		{D0241A12-1D38-4DE4-AAAA-F43844C73EA4}.Release|iPhoneSimulator.ActiveCfg = Release|iPhoneSimulator
		{D0241A12-1D38-4DE4-AAAA-F43844C73EA4}.Release|iPhoneSimulator.Build.0 = Release|iPhoneSimulator
	EndGlobalSection
	GlobalSection(SolutionProperties) = preSolution
		HideSolutionNode = FALSE
	EndGlobalSection
	GlobalSection(NestedProjects) = preSolution
		{FF41A5E9-F4E1-4C0F-8737-F38D04B4FF7C} = {E00E47D5-9B79-43D8-8835-CA490946FDED}
		{85B7D97F-EF82-4783-866F-EC844EEA1D47} = {E00E47D5-9B79-43D8-8835-CA490946FDED}
		{D0241A12-1D38-4DE4-AAAA-F43844C73EA4} = {E00E47D5-9B79-43D8-8835-CA490946FDED}
	EndGlobalSection
	GlobalSection(ExtensibilityGlobals) = postSolution
		SolutionGuid = {31495295-F39E-4DCF-B02A-C1EEB137091D}
	EndGlobalSection
EndGlobal
